// !$*UTF8*$!
{
	archiveVersion = 1;
	classes = {
	};
	objectVersion = 56;
	objects = {

/* Begin PBXBuildFile section */
		0917A437299C1EB10043A6B9 /* UrlConstant.swift in Sources */ = {isa = PBXBuildFile; fileRef = 0917A436299C1EB10043A6B9 /* UrlConstant.swift */; };
		0937F89A2999445F00D0D9D8 /* Employee.swift in Sources */ = {isa = PBXBuildFile; fileRef = 0937F8992999445F00D0D9D8 /* Employee.swift */; };
		093B880A29996A7B00DDE762 /* EmployeeViewModel.swift in Sources */ = {isa = PBXBuildFile; fileRef = 093B880929996A7B00DDE762 /* EmployeeViewModel.swift */; };
		0941153D2997289800D776D8 /* CachedImageView.swift in Sources */ = {isa = PBXBuildFile; fileRef = 0941153C2997289800D776D8 /* CachedImageView.swift */; };
		094115402997D99700D776D8 /* EmployeeJSON.swift in Sources */ = {isa = PBXBuildFile; fileRef = 0941153F2997D99700D776D8 /* EmployeeJSON.swift */; };
		094115432997DB6A00D776D8 /* ImageCacheViewModel.swift in Sources */ = {isa = PBXBuildFile; fileRef = 094115422997DB6A00D776D8 /* ImageCacheViewModel.swift */; };
		094115462997DD4800D776D8 /* UrlImageViewModel.swift in Sources */ = {isa = PBXBuildFile; fileRef = 094115452997DD4800D776D8 /* UrlImageViewModel.swift */; };
		095CFBFB29995809009D0093 /* ContactInfoView.swift in Sources */ = {isa = PBXBuildFile; fileRef = 095CFBFA29995809009D0093 /* ContactInfoView.swift */; };
		09CB2B99299959FC006F0203 /* EmployeeRowView.swift in Sources */ = {isa = PBXBuildFile; fileRef = 09CB2B98299959FC006F0203 /* EmployeeRowView.swift */; };
		09D5E4562995A36C007D7602 /* DirectlyApp.swift in Sources */ = {isa = PBXBuildFile; fileRef = 09D5E4552995A36C007D7602 /* DirectlyApp.swift */; };
		09D5E4582995A36C007D7602 /* ContentView.swift in Sources */ = {isa = PBXBuildFile; fileRef = 09D5E4572995A36C007D7602 /* ContentView.swift */; };
		09D5E45A2995A36D007D7602 /* Assets.xcassets in Resources */ = {isa = PBXBuildFile; fileRef = 09D5E4592995A36D007D7602 /* Assets.xcassets */; };
		09D5E45D2995A36D007D7602 /* Preview Assets.xcassets in Resources */ = {isa = PBXBuildFile; fileRef = 09D5E45C2995A36D007D7602 /* Preview Assets.xcassets */; };
		09DB2F2029997FF50021564E /* EmployeeListView.swift in Sources */ = {isa = PBXBuildFile; fileRef = 09DB2F1F29997FF50021564E /* EmployeeListView.swift */; };
/* End PBXBuildFile section */

/* Begin PBXFileReference section */
		0917A436299C1EB10043A6B9 /* UrlConstant.swift */ = {isa = PBXFileReference; lastKnownFileType = sourcecode.swift; path = UrlConstant.swift; sourceTree = "<group>"; };
		0937F8992999445F00D0D9D8 /* Employee.swift */ = {isa = PBXFileReference; lastKnownFileType = sourcecode.swift; path = Employee.swift; sourceTree = "<group>"; };
		093B880929996A7B00DDE762 /* EmployeeViewModel.swift */ = {isa = PBXFileReference; lastKnownFileType = sourcecode.swift; path = EmployeeViewModel.swift; sourceTree = "<group>"; };
		0941153C2997289800D776D8 /* CachedImageView.swift */ = {isa = PBXFileReference; lastKnownFileType = sourcecode.swift; path = CachedImageView.swift; sourceTree = "<group>"; };
		0941153F2997D99700D776D8 /* EmployeeJSON.swift */ = {isa = PBXFileReference; lastKnownFileType = sourcecode.swift; path = EmployeeJSON.swift; sourceTree = "<group>"; };
		094115422997DB6A00D776D8 /* ImageCacheViewModel.swift */ = {isa = PBXFileReference; lastKnownFileType = sourcecode.swift; path = ImageCacheViewModel.swift; sourceTree = "<group>"; };
		094115452997DD4800D776D8 /* UrlImageViewModel.swift */ = {isa = PBXFileReference; lastKnownFileType = sourcecode.swift; path = UrlImageViewModel.swift; sourceTree = "<group>"; };
		095CFBFA29995809009D0093 /* ContactInfoView.swift */ = {isa = PBXFileReference; lastKnownFileType = sourcecode.swift; path = ContactInfoView.swift; sourceTree = "<group>"; };
		09CB2B98299959FC006F0203 /* EmployeeRowView.swift */ = {isa = PBXFileReference; lastKnownFileType = sourcecode.swift; path = EmployeeRowView.swift; sourceTree = "<group>"; };
		09D5E4522995A36C007D7602 /* Directly.app */ = {isa = PBXFileReference; explicitFileType = wrapper.application; includeInIndex = 0; path = Directly.app; sourceTree = BUILT_PRODUCTS_DIR; };
		09D5E4552995A36C007D7602 /* DirectlyApp.swift */ = {isa = PBXFileReference; lastKnownFileType = sourcecode.swift; path = DirectlyApp.swift; sourceTree = "<group>"; };
		09D5E4572995A36C007D7602 /* ContentView.swift */ = {isa = PBXFileReference; lastKnownFileType = sourcecode.swift; path = ContentView.swift; sourceTree = "<group>"; };
		09D5E4592995A36D007D7602 /* Assets.xcassets */ = {isa = PBXFileReference; lastKnownFileType = folder.assetcatalog; path = Assets.xcassets; sourceTree = "<group>"; };
		09D5E45C2995A36D007D7602 /* Preview Assets.xcassets */ = {isa = PBXFileReference; lastKnownFileType = folder.assetcatalog; path = "Preview Assets.xcassets"; sourceTree = "<group>"; };
		09DB2F1F29997FF50021564E /* EmployeeListView.swift */ = {isa = PBXFileReference; lastKnownFileType = sourcecode.swift; path = EmployeeListView.swift; sourceTree = "<group>"; };
/* End PBXFileReference section */

/* Begin PBXFrameworksBuildPhase section */
		09D5E44F2995A36C007D7602 /* Frameworks */ = {
			isa = PBXFrameworksBuildPhase;
			buildActionMask = 2147483647;
			files = (
			);
			runOnlyForDeploymentPostprocessing = 0;
		};
/* End PBXFrameworksBuildPhase section */

/* Begin PBXGroup section */
		0941153E2997D98600D776D8 /* Model */ = {
			isa = PBXGroup;
			children = (
				0937F8992999445F00D0D9D8 /* Employee.swift */,
				0941153F2997D99700D776D8 /* EmployeeJSON.swift */,
				0917A436299C1EB10043A6B9 /* UrlConstant.swift */,
			);
			path = Model;
			sourceTree = "<group>";
		};
		094115412997DB2E00D776D8 /* Views */ = {
			isa = PBXGroup;
			children = (
				09D5E4572995A36C007D7602 /* ContentView.swift */,
				09DB2F1F29997FF50021564E /* EmployeeListView.swift */,
				09CB2B98299959FC006F0203 /* EmployeeRowView.swift */,
				0941153C2997289800D776D8 /* CachedImageView.swift */,
				095CFBFA29995809009D0093 /* ContactInfoView.swift */,
			);
			path = Views;
			sourceTree = "<group>";
		};
		094115442997DD2E00D776D8 /* ViewModel */ = {
			isa = PBXGroup;
			children = (
				093B880929996A7B00DDE762 /* EmployeeViewModel.swift */,
				094115452997DD4800D776D8 /* UrlImageViewModel.swift */,
				094115422997DB6A00D776D8 /* ImageCacheViewModel.swift */,
			);
			path = ViewModel;
			sourceTree = "<group>";
		};
		09D5E4492995A36C007D7602 = {
			isa = PBXGroup;
			children = (
				09D5E4542995A36C007D7602 /* Directly */,
				09D5E4532995A36C007D7602 /* Products */,
			);
			sourceTree = "<group>";
		};
		09D5E4532995A36C007D7602 /* Products */ = {
			isa = PBXGroup;
			children = (
				09D5E4522995A36C007D7602 /* Directly.app */,
			);
			name = Products;
			sourceTree = "<group>";
		};
		09D5E4542995A36C007D7602 /* Directly */ = {
			isa = PBXGroup;
			children = (
				09D5E4552995A36C007D7602 /* DirectlyApp.swift */,
				094115412997DB2E00D776D8 /* Views */,
				094115442997DD2E00D776D8 /* ViewModel */,
				0941153E2997D98600D776D8 /* Model */,
				09D5E4592995A36D007D7602 /* Assets.xcassets */,
				09D5E45B2995A36D007D7602 /* Preview Content */,
			);
			path = Directly;
			sourceTree = "<group>";
		};
		09D5E45B2995A36D007D7602 /* Preview Content */ = {
			isa = PBXGroup;
			children = (
				09D5E45C2995A36D007D7602 /* Preview Assets.xcassets */,
			);
			path = "Preview Content";
			sourceTree = "<group>";
		};
/* End PBXGroup section */

/* Begin PBXNativeTarget section */
		09D5E4512995A36C007D7602 /* Directly */ = {
			isa = PBXNativeTarget;
			buildConfigurationList = 09D5E4602995A36D007D7602 /* Build configuration list for PBXNativeTarget "Directly" */;
			buildPhases = (
				09D5E44E2995A36C007D7602 /* Sources */,
				09D5E44F2995A36C007D7602 /* Frameworks */,
				09D5E4502995A36C007D7602 /* Resources */,
			);
			buildRules = (
			);
			dependencies = (
			);
			name = Directly;
			productName = Directly;
			productReference = 09D5E4522995A36C007D7602 /* Directly.app */;
			productType = "com.apple.product-type.application";
		};
/* End PBXNativeTarget section */

/* Begin PBXProject section */
		09D5E44A2995A36C007D7602 /* Project object */ = {
			isa = PBXProject;
			attributes = {
				BuildIndependentTargetsInParallel = 1;
				LastSwiftUpdateCheck = 1420;
				LastUpgradeCheck = 1420;
				TargetAttributes = {
					09D5E4512995A36C007D7602 = {
						CreatedOnToolsVersion = 14.2;
					};
				};
			};
			buildConfigurationList = 09D5E44D2995A36C007D7602 /* Build configuration list for PBXProject "Directly" */;
			compatibilityVersion = "Xcode 14.0";
			developmentRegion = en;
			hasScannedForEncodings = 0;
			knownRegions = (
				en,
				Base,
			);
			mainGroup = 09D5E4492995A36C007D7602;
			productRefGroup = 09D5E4532995A36C007D7602 /* Products */;
			projectDirPath = "";
			projectRoot = "";
			targets = (
				09D5E4512995A36C007D7602 /* Directly */,
			);
		};
/* End PBXProject section */

/* Begin PBXResourcesBuildPhase section */
		09D5E4502995A36C007D7602 /* Resources */ = {
			isa = PBXResourcesBuildPhase;
			buildActionMask = 2147483647;
			files = (
				09D5E45D2995A36D007D7602 /* Preview Assets.xcassets in Resources */,
				09D5E45A2995A36D007D7602 /* Assets.xcassets in Resources */,
			);
			runOnlyForDeploymentPostprocessing = 0;
		};
/* End PBXResourcesBuildPhase section */

/* Begin PBXSourcesBuildPhase section */
		09D5E44E2995A36C007D7602 /* Sources */ = {
			isa = PBXSourcesBuildPhase;
			buildActionMask = 2147483647;
			files = (
				09CB2B99299959FC006F0203 /* EmployeeRowView.swift in Sources */,
				094115432997DB6A00D776D8 /* ImageCacheViewModel.swift in Sources */,
				0937F89A2999445F00D0D9D8 /* Employee.swift in Sources */,
				09D5E4582995A36C007D7602 /* ContentView.swift in Sources */,
				094115402997D99700D776D8 /* EmployeeJSON.swift in Sources */,
				095CFBFB29995809009D0093 /* ContactInfoView.swift in Sources */,
				0941153D2997289800D776D8 /* CachedImageView.swift in Sources */,
				094115462997DD4800D776D8 /* UrlImageViewModel.swift in Sources */,
				09DB2F2029997FF50021564E /* EmployeeListView.swift in Sources */,
				0917A437299C1EB10043A6B9 /* UrlConstant.swift in Sources */,
				093B880A29996A7B00DDE762 /* EmployeeViewModel.swift in Sources */,
				09D5E4562995A36C007D7602 /* DirectlyApp.swift in Sources */,
			);
			runOnlyForDeploymentPostprocessing = 0;
		};
/* End PBXSourcesBuildPhase section */

/* Begin XCBuildConfiguration section */
		09D5E45E2995A36D007D7602 /* Debug */ = {
			isa = XCBuildConfiguration;
			buildSettings = {
				ALWAYS_SEARCH_USER_PATHS = NO;
				CLANG_ANALYZER_NONNULL = YES;
				CLANG_ANALYZER_NUMBER_OBJECT_CONVERSION = YES_AGGRESSIVE;
				CLANG_CXX_LANGUAGE_STANDARD = "gnu++20";
				CLANG_ENABLE_MODULES = YES;
				CLANG_ENABLE_OBJC_ARC = YES;
				CLANG_ENABLE_OBJC_WEAK = YES;
				CLANG_WARN_BLOCK_CAPTURE_AUTORELEASING = YES;
				CLANG_WARN_BOOL_CONVERSION = YES;
				CLANG_WARN_COMMA = YES;
				CLANG_WARN_CONSTANT_CONVERSION = YES;
				CLANG_WARN_DEPRECATED_OBJC_IMPLEMENTATIONS = YES;
				CLANG_WARN_DIRECT_OBJC_ISA_USAGE = YES_ERROR;
				CLANG_WARN_DOCUMENTATION_COMMENTS = YES;
				CLANG_WARN_EMPTY_BODY = YES;
				CLANG_WARN_ENUM_CONVERSION = YES;
				CLANG_WARN_INFINITE_RECURSION = YES;
				CLANG_WARN_INT_CONVERSION = YES;
				CLANG_WARN_NON_LITERAL_NULL_CONVERSION = YES;
				CLANG_WARN_OBJC_IMPLICIT_RETAIN_SELF = YES;
				CLANG_WARN_OBJC_LITERAL_CONVERSION = YES;
				CLANG_WARN_OBJC_ROOT_CLASS = YES_ERROR;
				CLANG_WARN_QUOTED_INCLUDE_IN_FRAMEWORK_HEADER = YES;
				CLANG_WARN_RANGE_LOOP_ANALYSIS = YES;
				CLANG_WARN_STRICT_PROTOTYPES = YES;
				CLANG_WARN_SUSPICIOUS_MOVE = YES;
				CLANG_WARN_UNGUARDED_AVAILABILITY = YES_AGGRESSIVE;
				CLANG_WARN_UNREACHABLE_CODE = YES;
				CLANG_WARN__DUPLICATE_METHOD_MATCH = YES;
				COPY_PHASE_STRIP = NO;
				DEBUG_INFORMATION_FORMAT = dwarf;
				ENABLE_STRICT_OBJC_MSGSEND = YES;
				ENABLE_TESTABILITY = YES;
				GCC_C_LANGUAGE_STANDARD = gnu11;
				GCC_DYNAMIC_NO_PIC = NO;
				GCC_NO_COMMON_BLOCKS = YES;
				GCC_OPTIMIZATION_LEVEL = 0;
				GCC_PREPROCESSOR_DEFINITIONS = (
					"DEBUG=1",
					"$(inherited)",
				);
				GCC_WARN_64_TO_32_BIT_CONVERSION = YES;
				GCC_WARN_ABOUT_RETURN_TYPE = YES_ERROR;
				GCC_WARN_UNDECLARED_SELECTOR = YES;
				GCC_WARN_UNINITIALIZED_AUTOS = YES_AGGRESSIVE;
				GCC_WARN_UNUSED_FUNCTION = YES;
				GCC_WARN_UNUSED_VARIABLE = YES;
				IPHONEOS_DEPLOYMENT_TARGET = 16.2;
				MTL_ENABLE_DEBUG_INFO = INCLUDE_SOURCE;
				MTL_FAST_MATH = YES;
				ONLY_ACTIVE_ARCH = YES;
				SDKROOT = iphoneos;
				SWIFT_ACTIVE_COMPILATION_CONDITIONS = DEBUG;
				SWIFT_OPTIMIZATION_LEVEL = "-Onone";
			};
			name = Debug;
		};
		09D5E45F2995A36D007D7602 /* Release */ = {
			isa = XCBuildConfiguration;
			buildSettings = {
				ALWAYS_SEARCH_USER_PATHS = NO;
				CLANG_ANALYZER_NONNULL = YES;
				CLANG_ANALYZER_NUMBER_OBJECT_CONVERSION = YES_AGGRESSIVE;
				CLANG_CXX_LANGUAGE_STANDARD = "gnu++20";
				CLANG_ENABLE_MODULES = YES;
				CLANG_ENABLE_OBJC_ARC = YES;
				CLANG_ENABLE_OBJC_WEAK = YES;
				CLANG_WARN_BLOCK_CAPTURE_AUTORELEASING = YES;
				CLANG_WARN_BOOL_CONVERSION = YES;
				CLANG_WARN_COMMA = YES;
				CLANG_WARN_CONSTANT_CONVERSION = YES;
				CLANG_WARN_DEPRECATED_OBJC_IMPLEMENTATIONS = YES;
				CLANG_WARN_DIRECT_OBJC_ISA_USAGE = YES_ERROR;
				CLANG_WARN_DOCUMENTATION_COMMENTS = YES;
				CLANG_WARN_EMPTY_BODY = YES;
				CLANG_WARN_ENUM_CONVERSION = YES;
				CLANG_WARN_INFINITE_RECURSION = YES;
				CLANG_WARN_INT_CONVERSION = YES;
				CLANG_WARN_NON_LITERAL_NULL_CONVERSION = YES;
				CLANG_WARN_OBJC_IMPLICIT_RETAIN_SELF = YES;
				CLANG_WARN_OBJC_LITERAL_CONVERSION = YES;
				CLANG_WARN_OBJC_ROOT_CLASS = YES_ERROR;
				CLANG_WARN_QUOTED_INCLUDE_IN_FRAMEWORK_HEADER = YES;
				CLANG_WARN_RANGE_LOOP_ANALYSIS = YES;
				CLANG_WARN_STRICT_PROTOTYPES = YES;
				CLANG_WARN_SUSPICIOUS_MOVE = YES;
				CLANG_WARN_UNGUARDED_AVAILABILITY = YES_AGGRESSIVE;
				CLANG_WARN_UNREACHABLE_CODE = YES;
				CLANG_WARN__DUPLICATE_METHOD_MATCH = YES;
				COPY_PHASE_STRIP = NO;
				DEBUG_INFORMATION_FORMAT = "dwarf-with-dsym";
				ENABLE_NS_ASSERTIONS = NO;
				ENABLE_STRICT_OBJC_MSGSEND = YES;
				GCC_C_LANGUAGE_STANDARD = gnu11;
				GCC_NO_COMMON_BLOCKS = YES;
				GCC_WARN_64_TO_32_BIT_CONVERSION = YES;
				GCC_WARN_ABOUT_RETURN_TYPE = YES_ERROR;
				GCC_WARN_UNDECLARED_SELECTOR = YES;
				GCC_WARN_UNINITIALIZED_AUTOS = YES_AGGRESSIVE;
				GCC_WARN_UNUSED_FUNCTION = YES;
				GCC_WARN_UNUSED_VARIABLE = YES;
				IPHONEOS_DEPLOYMENT_TARGET = 16.2;
				MTL_ENABLE_DEBUG_INFO = NO;
				MTL_FAST_MATH = YES;
				SDKROOT = iphoneos;
				SWIFT_COMPILATION_MODE = wholemodule;
				SWIFT_OPTIMIZATION_LEVEL = "-O";
				VALIDATE_PRODUCT = YES;
			};
			name = Release;
		};
		09D5E4612995A36D007D7602 /* Debug */ = {
			isa = XCBuildConfiguration;
			buildSettings = {
				ASSETCATALOG_COMPILER_APPICON_NAME = AppIcon;
				ASSETCATALOG_COMPILER_GLOBAL_ACCENT_COLOR_NAME = AccentColor;
				CODE_SIGN_STYLE = Automatic;
				CURRENT_PROJECT_VERSION = 1;
				DEVELOPMENT_ASSET_PATHS = "\"Directly/Preview Content\"";
				DEVELOPMENT_TEAM = 8QP6THVMUF;
				ENABLE_PREVIEWS = YES;
				GENERATE_INFOPLIST_FILE = YES;
				INFOPLIST_KEY_UIApplicationSceneManifest_Generation = YES;
				INFOPLIST_KEY_UIApplicationSupportsIndirectInputEvents = YES;
				INFOPLIST_KEY_UILaunchScreen_Generation = YES;
				INFOPLIST_KEY_UISupportedInterfaceOrientations_iPad = "UIInterfaceOrientationPortrait UIInterfaceOrientationPortraitUpsideDown UIInterfaceOrientationLandscapeLeft UIInterfaceOrientationLandscapeRight";
				INFOPLIST_KEY_UISupportedInterfaceOrientations_iPhone = "UIInterfaceOrientationPortrait UIInterfaceOrientationLandscapeLeft UIInterfaceOrientationLandscapeRight";
				LD_RUNPATH_SEARCH_PATHS = (
					"$(inherited)",
					"@executable_path/Frameworks",
				);
				MARKETING_VERSION = 1.0;
				PRODUCT_BUNDLE_IDENTIFIER = com.greghubbard.Directly;
				PRODUCT_NAME = "$(TARGET_NAME)";
				SWIFT_EMIT_LOC_STRINGS = YES;
				SWIFT_VERSION = 5.0;
				TARGETED_DEVICE_FAMILY = "1,2";
			};
			name = Debug;
		};
		09D5E4622995A36D007D7602 /* Release */ = {
			isa = XCBuildConfiguration;
			buildSettings = {
				ASSETCATALOG_COMPILER_APPICON_NAME = AppIcon;
				ASSETCATALOG_COMPILER_GLOBAL_ACCENT_COLOR_NAME = AccentColor;
				CODE_SIGN_STYLE = Automatic;
				CURRENT_PROJECT_VERSION = 1;
				DEVELOPMENT_ASSET_PATHS = "\"Directly/Preview Content\"";
				DEVELOPMENT_TEAM = 8QP6THVMUF;
				ENABLE_PREVIEWS = YES;
				GENERATE_INFOPLIST_FILE = YES;
				INFOPLIST_KEY_UIApplicationSceneManifest_Generation = YES;
				INFOPLIST_KEY_UIApplicationSupportsIndirectInputEvents = YES;
				INFOPLIST_KEY_UILaunchScreen_Generation = YES;
				INFOPLIST_KEY_UISupportedInterfaceOrientations_iPad = "UIInterfaceOrientationPortrait UIInterfaceOrientationPortraitUpsideDown UIInterfaceOrientationLandscapeLeft UIInterfaceOrientationLandscapeRight";
				INFOPLIST_KEY_UISupportedInterfaceOrientations_iPhone = "UIInterfaceOrientationPortrait UIInterfaceOrientationLandscapeLeft UIInterfaceOrientationLandscapeRight";
				LD_RUNPATH_SEARCH_PATHS = (
					"$(inherited)",
					"@executable_path/Frameworks",
				);
				MARKETING_VERSION = 1.0;
				PRODUCT_BUNDLE_IDENTIFIER = com.greghubbard.Directly;
				PRODUCT_NAME = "$(TARGET_NAME)";
				SWIFT_EMIT_LOC_STRINGS = YES;
				SWIFT_VERSION = 5.0;
				TARGETED_DEVICE_FAMILY = "1,2";
			};
			name = Release;
		};
/* End XCBuildConfiguration section */

/* Begin XCConfigurationList section */
		09D5E44D2995A36C007D7602 /* Build configuration list for PBXProject "Directly" */ = {
			isa = XCConfigurationList;
			buildConfigurations = (
				09D5E45E2995A36D007D7602 /* Debug */,
				09D5E45F2995A36D007D7602 /* Release */,
			);
			defaultConfigurationIsVisible = 0;
			defaultConfigurationName = Release;
		};
		09D5E4602995A36D007D7602 /* Build configuration list for PBXNativeTarget "Directly" */ = {
			isa = XCConfigurationList;
			buildConfigurations = (
				09D5E4612995A36D007D7602 /* Debug */,
				09D5E4622995A36D007D7602 /* Release */,
			);
			defaultConfigurationIsVisible = 0;
			defaultConfigurationName = Release;
		};
/* End XCConfigurationList section */
	};
	rootObject = 09D5E44A2995A36C007D7602 /* Project object */;
}
